
Microsoft Visual Studio Solution File, Format Version 12.00
# Visual Studio Version 16
VisualStudioVersion = 16.0.33328.57
MinimumVisualStudioVersion = 10.0.40219.1
Project("{FAE04EC0-301F-11D3-BF4B-00C04F79EFBC}") = "ArraysAndLists", "ArraysAndLists\ArraysAndLists.csproj", "{045B00C4-7480-4EB6-9B03-2887EEB8EB65}"
EndProject
Global
	GlobalSection(SolutionConfigurationPlatforms) = preSolution
		Debug|Any CPU = Debug|Any CPU
		Release|Any CPU = Release|Any CPU
	EndGlobalSection
	GlobalSection(ProjectConfigurationPlatforms) = postSolution
		{045B00C4-7480-4EB6-9B03-2887EEB8EB65}.Debug|Any CPU.ActiveCfg = Debug|Any CPU
		{045B00C4-7480-4EB6-9B03-2887EEB8EB65}.Debug|Any CPU.Build.0 = Debug|Any CPU
		{045B00C4-7480-4EB6-9B03-2887EEB8EB65}.Release|Any CPU.ActiveCfg = Release|Any CPU
		{045B00C4-7480-4EB6-9B03-2887EEB8EB65}.Release|Any CPU.Build.0 = Release|Any CPU
	EndGlobalSection
	GlobalSection(SolutionProperties) = preSolution
		HideSolutionNode = FALSE
	EndGlobalSection
	GlobalSection(ExtensibilityGlobals) = postSolution
		SolutionGuid = {A97788A7-CF22-4E63-ABEA-D2B96F0CCFB2}
	EndGlobalSection
EndGlobal
