
Microsoft Visual Studio Solution File, Format Version 12.00
# Visual Studio Version 16
VisualStudioVersion = 16.0.33328.57
MinimumVisualStudioVersion = 10.0.40219.1
Project("{FAE04EC0-301F-11D3-BF4B-00C04F79EFBC}") = "FinalChallenge", "FinalChallenge\FinalChallenge.csproj", "{C443AF6E-EEE4-4109-A6B9-9764AB9D4E80}"
EndProject
Global
	GlobalSection(SolutionConfigurationPlatforms) = preSolution
		Debug|Any CPU = Debug|Any CPU
		Release|Any CPU = Release|Any CPU
	EndGlobalSection
	GlobalSection(ProjectConfigurationPlatforms) = postSolution
		{C443AF6E-EEE4-4109-A6B9-9764AB9D4E80}.Debug|Any CPU.ActiveCfg = Debug|Any CPU
		{C443AF6E-EEE4-4109-A6B9-9764AB9D4E80}.Debug|Any CPU.Build.0 = Debug|Any CPU
		{C443AF6E-EEE4-4109-A6B9-9764AB9D4E80}.Release|Any CPU.ActiveCfg = Release|Any CPU
		{C443AF6E-EEE4-4109-A6B9-9764AB9D4E80}.Release|Any CPU.Build.0 = Release|Any CPU
	EndGlobalSection
	GlobalSection(SolutionProperties) = preSolution
		HideSolutionNode = FALSE
	EndGlobalSection
	GlobalSection(ExtensibilityGlobals) = postSolution
		SolutionGuid = {4E77B538-3B3D-407B-9882-621E37509A25}
	EndGlobalSection
EndGlobal
