
Microsoft Visual Studio Solution File, Format Version 12.00
# Visual Studio Version 16
VisualStudioVersion = 16.0.33328.57
MinimumVisualStudioVersion = 10.0.40219.1
Project("{FAE04EC0-301F-11D3-BF4B-00C04F79EFBC}") = "LoopAssignment", "LoopAssignment\LoopAssignment.csproj", "{13F9578B-3764-4BA2-BFE4-8274D39CC9A2}"
EndProject
Global
	GlobalSection(SolutionConfigurationPlatforms) = preSolution
		Debug|Any CPU = Debug|Any CPU
		Release|Any CPU = Release|Any CPU
	EndGlobalSection
	GlobalSection(ProjectConfigurationPlatforms) = postSolution
		{13F9578B-3764-4BA2-BFE4-8274D39CC9A2}.Debug|Any CPU.ActiveCfg = Debug|Any CPU
		{13F9578B-3764-4BA2-BFE4-8274D39CC9A2}.Debug|Any CPU.Build.0 = Debug|Any CPU
		{13F9578B-3764-4BA2-BFE4-8274D39CC9A2}.Release|Any CPU.ActiveCfg = Release|Any CPU
		{13F9578B-3764-4BA2-BFE4-8274D39CC9A2}.Release|Any CPU.Build.0 = Release|Any CPU
	EndGlobalSection
	GlobalSection(SolutionProperties) = preSolution
		HideSolutionNode = FALSE
	EndGlobalSection
	GlobalSection(ExtensibilityGlobals) = postSolution
		SolutionGuid = {5DBF6CDC-00C1-49B8-951B-2AE2EA4E0FB6}
	EndGlobalSection
EndGlobal
