
Microsoft Visual Studio Solution File, Format Version 12.00
# Visual Studio Version 16
VisualStudioVersion = 16.0.33328.57
MinimumVisualStudioVersion = 10.0.40219.1
Project("{FAE04EC0-301F-11D3-BF4B-00C04F79EFBC}") = "ConstructorAssignment", "ConstructorAssignment\ConstructorAssignment.csproj", "{095B6ACA-1E72-4AD1-BE1B-D4D8FBCB9171}"
EndProject
Global
	GlobalSection(SolutionConfigurationPlatforms) = preSolution
		Debug|Any CPU = Debug|Any CPU
		Release|Any CPU = Release|Any CPU
	EndGlobalSection
	GlobalSection(ProjectConfigurationPlatforms) = postSolution
		{095B6ACA-1E72-4AD1-BE1B-D4D8FBCB9171}.Debug|Any CPU.ActiveCfg = Debug|Any CPU
		{095B6ACA-1E72-4AD1-BE1B-D4D8FBCB9171}.Debug|Any CPU.Build.0 = Debug|Any CPU
		{095B6ACA-1E72-4AD1-BE1B-D4D8FBCB9171}.Release|Any CPU.ActiveCfg = Release|Any CPU
		{095B6ACA-1E72-4AD1-BE1B-D4D8FBCB9171}.Release|Any CPU.Build.0 = Release|Any CPU
	EndGlobalSection
	GlobalSection(SolutionProperties) = preSolution
		HideSolutionNode = FALSE
	EndGlobalSection
	GlobalSection(ExtensibilityGlobals) = postSolution
		SolutionGuid = {2D4C52EE-E891-44BA-89E4-74DF9C767BE8}
	EndGlobalSection
EndGlobal
