
Microsoft Visual Studio Solution File, Format Version 12.00
# Visual Studio Version 16
VisualStudioVersion = 16.0.33328.57
MinimumVisualStudioVersion = 10.0.40219.1
Project("{FAE04EC0-301F-11D3-BF4B-00C04F79EFBC}") = "MethodsAndObjects", "MethodsAndObjects\MethodsAndObjects.csproj", "{1044A2D6-CD64-4CC8-86FA-08B92E6522F2}"
EndProject
Global
	GlobalSection(SolutionConfigurationPlatforms) = preSolution
		Debug|Any CPU = Debug|Any CPU
		Release|Any CPU = Release|Any CPU
	EndGlobalSection
	GlobalSection(ProjectConfigurationPlatforms) = postSolution
		{1044A2D6-CD64-4CC8-86FA-08B92E6522F2}.Debug|Any CPU.ActiveCfg = Debug|Any CPU
		{1044A2D6-CD64-4CC8-86FA-08B92E6522F2}.Debug|Any CPU.Build.0 = Debug|Any CPU
		{1044A2D6-CD64-4CC8-86FA-08B92E6522F2}.Release|Any CPU.ActiveCfg = Release|Any CPU
		{1044A2D6-CD64-4CC8-86FA-08B92E6522F2}.Release|Any CPU.Build.0 = Release|Any CPU
	EndGlobalSection
	GlobalSection(SolutionProperties) = preSolution
		HideSolutionNode = FALSE
	EndGlobalSection
	GlobalSection(ExtensibilityGlobals) = postSolution
		SolutionGuid = {C96D0AFA-1FA2-4693-931C-39DC14AB2940}
	EndGlobalSection
EndGlobal
