
Microsoft Visual Studio Solution File, Format Version 12.00
# Visual Studio Version 16
VisualStudioVersion = 16.0.33328.57
MinimumVisualStudioVersion = 10.0.40219.1
Project("{FAE04EC0-301F-11D3-BF4B-00C04F79EFBC}") = "myConsole.cs", "myConsole.cs\myConsole.cs.csproj", "{435BCDB3-0B8A-47CC-9B77-7097C8CC15FE}"
EndProject
Global
	GlobalSection(SolutionConfigurationPlatforms) = preSolution
		Debug|Any CPU = Debug|Any CPU
		Release|Any CPU = Release|Any CPU
	EndGlobalSection
	GlobalSection(ProjectConfigurationPlatforms) = postSolution
		{435BCDB3-0B8A-47CC-9B77-7097C8CC15FE}.Debug|Any CPU.ActiveCfg = Debug|Any CPU
		{435BCDB3-0B8A-47CC-9B77-7097C8CC15FE}.Debug|Any CPU.Build.0 = Debug|Any CPU
		{435BCDB3-0B8A-47CC-9B77-7097C8CC15FE}.Release|Any CPU.ActiveCfg = Release|Any CPU
		{435BCDB3-0B8A-47CC-9B77-7097C8CC15FE}.Release|Any CPU.Build.0 = Release|Any CPU
	EndGlobalSection
	GlobalSection(SolutionProperties) = preSolution
		HideSolutionNode = FALSE
	EndGlobalSection
	GlobalSection(ExtensibilityGlobals) = postSolution
		SolutionGuid = {08CBE4D1-7B47-4736-8D7B-8272D8B9F63A}
	EndGlobalSection
EndGlobal
