
Microsoft Visual Studio Solution File, Format Version 12.00
# Visual Studio Version 16
VisualStudioVersion = 16.0.33328.57
MinimumVisualStudioVersion = 10.0.40219.1
Project("{FAE04EC0-301F-11D3-BF4B-00C04F79EFBC}") = "TechAcadStudentsMVC", "TechAcadStudentsMVC\TechAcadStudentsMVC.csproj", "{67E48B98-05C7-4C7B-8ED2-AF4A41B0ED34}"
EndProject
Global
	GlobalSection(SolutionConfigurationPlatforms) = preSolution
		Debug|Any CPU = Debug|Any CPU
		Release|Any CPU = Release|Any CPU
	EndGlobalSection
	GlobalSection(ProjectConfigurationPlatforms) = postSolution
		{67E48B98-05C7-4C7B-8ED2-AF4A41B0ED34}.Debug|Any CPU.ActiveCfg = Debug|Any CPU
		{67E48B98-05C7-4C7B-8ED2-AF4A41B0ED34}.Debug|Any CPU.Build.0 = Debug|Any CPU
		{67E48B98-05C7-4C7B-8ED2-AF4A41B0ED34}.Release|Any CPU.ActiveCfg = Release|Any CPU
		{67E48B98-05C7-4C7B-8ED2-AF4A41B0ED34}.Release|Any CPU.Build.0 = Release|Any CPU
	EndGlobalSection
	GlobalSection(SolutionProperties) = preSolution
		HideSolutionNode = FALSE
	EndGlobalSection
	GlobalSection(ExtensibilityGlobals) = postSolution
		SolutionGuid = {8772C1C3-25DD-4747-B779-7D19FC05AAC4}
	EndGlobalSection
EndGlobal
