
Microsoft Visual Studio Solution File, Format Version 12.00
# Visual Studio Version 16
VisualStudioVersion = 16.0.33328.57
MinimumVisualStudioVersion = 10.0.40219.1
Project("{FAE04EC0-301F-11D3-BF4B-00C04F79EFBC}") = "CarInsuranceApproval", "CarInsuranceApproval\CarInsuranceApproval.csproj", "{0DE2F417-FF77-4B92-B578-7B1A5A011881}"
EndProject
Global
	GlobalSection(SolutionConfigurationPlatforms) = preSolution
		Debug|Any CPU = Debug|Any CPU
		Release|Any CPU = Release|Any CPU
	EndGlobalSection
	GlobalSection(ProjectConfigurationPlatforms) = postSolution
		{0DE2F417-FF77-4B92-B578-7B1A5A011881}.Debug|Any CPU.ActiveCfg = Debug|Any CPU
		{0DE2F417-FF77-4B92-B578-7B1A5A011881}.Debug|Any CPU.Build.0 = Debug|Any CPU
		{0DE2F417-FF77-4B92-B578-7B1A5A011881}.Release|Any CPU.ActiveCfg = Release|Any CPU
		{0DE2F417-FF77-4B92-B578-7B1A5A011881}.Release|Any CPU.Build.0 = Release|Any CPU
	EndGlobalSection
	GlobalSection(SolutionProperties) = preSolution
		HideSolutionNode = FALSE
	EndGlobalSection
	GlobalSection(ExtensibilityGlobals) = postSolution
		SolutionGuid = {ECDA7D14-2D2E-4E93-A6CF-9F9F60688FD8}
	EndGlobalSection
EndGlobal
