
Microsoft Visual Studio Solution File, Format Version 12.00
# Visual Studio Version 16
VisualStudioVersion = 16.0.33328.57
MinimumVisualStudioVersion = 10.0.40219.1
Project("{FAE04EC0-301F-11D3-BF4B-00C04F79EFBC}") = "ParametersAssignment", "ParametersAssignment\ParametersAssignment.csproj", "{F34B2BDD-0EE6-4D0A-8C51-0074A541E15C}"
EndProject
Global
	GlobalSection(SolutionConfigurationPlatforms) = preSolution
		Debug|Any CPU = Debug|Any CPU
		Release|Any CPU = Release|Any CPU
	EndGlobalSection
	GlobalSection(ProjectConfigurationPlatforms) = postSolution
		{F34B2BDD-0EE6-4D0A-8C51-0074A541E15C}.Debug|Any CPU.ActiveCfg = Debug|Any CPU
		{F34B2BDD-0EE6-4D0A-8C51-0074A541E15C}.Debug|Any CPU.Build.0 = Debug|Any CPU
		{F34B2BDD-0EE6-4D0A-8C51-0074A541E15C}.Release|Any CPU.ActiveCfg = Release|Any CPU
		{F34B2BDD-0EE6-4D0A-8C51-0074A541E15C}.Release|Any CPU.Build.0 = Release|Any CPU
	EndGlobalSection
	GlobalSection(SolutionProperties) = preSolution
		HideSolutionNode = FALSE
	EndGlobalSection
	GlobalSection(ExtensibilityGlobals) = postSolution
		SolutionGuid = {91AA74E3-A3E8-497F-BF63-897339D91ADD}
	EndGlobalSection
EndGlobal
