
Microsoft Visual Studio Solution File, Format Version 12.00
# Visual Studio Version 16
VisualStudioVersion = 16.0.33328.57
MinimumVisualStudioVersion = 10.0.40219.1
Project("{FAE04EC0-301F-11D3-BF4B-00C04F79EFBC}") = "Iteration", "Iteration\Iteration.csproj", "{F7EC9876-5A5E-4D44-A8EB-8102A6659215}"
EndProject
Global
	GlobalSection(SolutionConfigurationPlatforms) = preSolution
		Debug|Any CPU = Debug|Any CPU
		Release|Any CPU = Release|Any CPU
	EndGlobalSection
	GlobalSection(ProjectConfigurationPlatforms) = postSolution
		{F7EC9876-5A5E-4D44-A8EB-8102A6659215}.Debug|Any CPU.ActiveCfg = Debug|Any CPU
		{F7EC9876-5A5E-4D44-A8EB-8102A6659215}.Debug|Any CPU.Build.0 = Debug|Any CPU
		{F7EC9876-5A5E-4D44-A8EB-8102A6659215}.Release|Any CPU.ActiveCfg = Release|Any CPU
		{F7EC9876-5A5E-4D44-A8EB-8102A6659215}.Release|Any CPU.Build.0 = Release|Any CPU
	EndGlobalSection
	GlobalSection(SolutionProperties) = preSolution
		HideSolutionNode = FALSE
	EndGlobalSection
	GlobalSection(ExtensibilityGlobals) = postSolution
		SolutionGuid = {19B165EF-DB86-40D1-9E69-69E5AEE042E7}
	EndGlobalSection
EndGlobal
